
Microsoft Visual Studio Solution File, Format Version 12.00
# Visual Studio Version 16
VisualStudioVersion = 16.0.29519.87
MinimumVisualStudioVersion = 10.0.40219.1
Project("{9A19103F-16F7-4668-BE54-9A1E7A4F7556}") = "SBRW.GameServer", "SBRW.GameServer\SBRW.GameServer.csproj", "{C75E397A-E118-47C0-BFE5-BDC37D6B4AE5}"
EndProject
Project("{9A19103F-16F7-4668-BE54-9A1E7A4F7556}") = "SBRW.Data", "SBRW.Data\SBRW.Data.csproj", "{50CE2AF3-98A7-4C1D-9E52-91308A4EE743}"
EndProject
Project("{9A19103F-16F7-4668-BE54-9A1E7A4F7556}") = "Victory", "Victory\Victory.csproj", "{AD508556-5C5D-4699-90C4-1EEA8DBA63C4}"
EndProject
Project("{9A19103F-16F7-4668-BE54-9A1E7A4F7556}") = "VictoryCodeGen", "VictoryCodeGen\VictoryCodeGen.csproj", "{97A93415-3F73-4DC0-B879-D5F6AB034B72}"
EndProject
Project("{9A19103F-16F7-4668-BE54-9A1E7A4F7556}") = "SBRW.AuthServer", "SBRW.AuthServer\SBRW.AuthServer.csproj", "{81135E7E-2C5D-40E9-B6A6-52FB26639358}"
EndProject
Project("{9A19103F-16F7-4668-BE54-9A1E7A4F7556}") = "SBRW.Core", "SBRW.Core\SBRW.Core.csproj", "{B495D8FE-35D3-4C37-BE4F-16FEE0DBA88D}"
EndProject
Global
	GlobalSection(SolutionConfigurationPlatforms) = preSolution
		Debug|x86 = Debug|x86
		Release|x86 = Release|x86
	EndGlobalSection
	GlobalSection(ProjectConfigurationPlatforms) = postSolution
		{C75E397A-E118-47C0-BFE5-BDC37D6B4AE5}.Debug|x86.ActiveCfg = Debug|x86
		{C75E397A-E118-47C0-BFE5-BDC37D6B4AE5}.Debug|x86.Build.0 = Debug|x86
		{C75E397A-E118-47C0-BFE5-BDC37D6B4AE5}.Release|x86.ActiveCfg = Release|x86
		{C75E397A-E118-47C0-BFE5-BDC37D6B4AE5}.Release|x86.Build.0 = Release|x86
		{50CE2AF3-98A7-4C1D-9E52-91308A4EE743}.Debug|x86.ActiveCfg = Debug|x86
		{50CE2AF3-98A7-4C1D-9E52-91308A4EE743}.Debug|x86.Build.0 = Debug|x86
		{50CE2AF3-98A7-4C1D-9E52-91308A4EE743}.Release|x86.ActiveCfg = Release|x86
		{50CE2AF3-98A7-4C1D-9E52-91308A4EE743}.Release|x86.Build.0 = Release|x86
		{AD508556-5C5D-4699-90C4-1EEA8DBA63C4}.Debug|x86.ActiveCfg = Debug|x86
		{AD508556-5C5D-4699-90C4-1EEA8DBA63C4}.Debug|x86.Build.0 = Debug|x86
		{AD508556-5C5D-4699-90C4-1EEA8DBA63C4}.Release|x86.ActiveCfg = Release|x86
		{AD508556-5C5D-4699-90C4-1EEA8DBA63C4}.Release|x86.Build.0 = Release|x86
		{97A93415-3F73-4DC0-B879-D5F6AB034B72}.Debug|x86.ActiveCfg = Debug|x86
		{97A93415-3F73-4DC0-B879-D5F6AB034B72}.Debug|x86.Build.0 = Debug|x86
		{97A93415-3F73-4DC0-B879-D5F6AB034B72}.Release|x86.ActiveCfg = Release|x86
		{97A93415-3F73-4DC0-B879-D5F6AB034B72}.Release|x86.Build.0 = Release|x86
		{81135E7E-2C5D-40E9-B6A6-52FB26639358}.Debug|x86.ActiveCfg = Debug|x86
		{81135E7E-2C5D-40E9-B6A6-52FB26639358}.Debug|x86.Build.0 = Debug|x86
		{81135E7E-2C5D-40E9-B6A6-52FB26639358}.Release|x86.ActiveCfg = Release|x86
		{81135E7E-2C5D-40E9-B6A6-52FB26639358}.Release|x86.Build.0 = Release|x86
		{B495D8FE-35D3-4C37-BE4F-16FEE0DBA88D}.Debug|x86.ActiveCfg = Debug|x86
		{B495D8FE-35D3-4C37-BE4F-16FEE0DBA88D}.Debug|x86.Build.0 = Debug|x86
		{B495D8FE-35D3-4C37-BE4F-16FEE0DBA88D}.Release|x86.ActiveCfg = Release|x86
		{B495D8FE-35D3-4C37-BE4F-16FEE0DBA88D}.Release|x86.Build.0 = Release|x86
	EndGlobalSection
	GlobalSection(SolutionProperties) = preSolution
		HideSolutionNode = FALSE
	EndGlobalSection
	GlobalSection(ExtensibilityGlobals) = postSolution
		SolutionGuid = {1E8803A3-3AC4-468A-9609-C49C2BA3176B}
	EndGlobalSection
EndGlobal
